
Microsoft Visual Studio Solution File, Format Version 12.00
# Visual Studio Version 16
VisualStudioVersion = 16.0.29709.97
MinimumVisualStudioVersion = 10.0.40219.1
Project("{8BC9CEB8-8B4A-11D0-8D11-00A0C91BC942}") = "最大公约数", "最大公约数\最大公约数.vcxproj", "{7445A4C8-7BFC-4DE5-9FF4-3447A8E12BA0}"
EndProject
Project("{8BC9CEB8-8B4A-11D0-8D11-00A0C91BC942}") = "名单统计", "名单统计\名单统计.vcxproj", "{FD028C55-E1A1-4E32-B6A9-2D081D28D7E2}"
EndProject
Project("{8BC9CEB8-8B4A-11D0-8D11-00A0C91BC942}") = "阶乘", "阶乘\阶乘.vcxproj", "{CB07EB5D-3FA0-4719-A1E3-3AB881D1D7A3}"
EndProject
Project("{8BC9CEB8-8B4A-11D0-8D11-00A0C91BC942}") = "大数乘法", "大数乘法\大数乘法.vcxproj", "{F258BABD-A64F-4A2C-91C0-2FA2A2B6836F}"
EndProject
Project("{8BC9CEB8-8B4A-11D0-8D11-00A0C91BC942}") = "线性方程组求解直接法", "线性方程组求解直接法\线性方程组求解直接法.vcxproj", "{AACC8920-C701-4B9E-8050-95B5A06E593B}"
EndProject
Project("{8BC9CEB8-8B4A-11D0-8D11-00A0C91BC942}") = "大数乘法（分治版）", "大数乘法（分治版）\大数乘法（分治版）.vcxproj", "{03A03380-26CE-4D0F-A246-88BD0E4DD0BF}"
EndProject
Project("{8BC9CEB8-8B4A-11D0-8D11-00A0C91BC942}") = "Strassen方程", "Strassen方程\Strassen方程.vcxproj", "{830EC779-030A-4D8F-B0C3-60BFEE8B6D02}"
EndProject
Project("{8BC9CEB8-8B4A-11D0-8D11-00A0C91BC942}") = "分治法求最大子列和", "分治法求最大子列和\分治法求最大子列和.vcxproj", "{CA59C869-B2B0-4A52-94C6-5039CFA491B4}"
EndProject
Project("{8BC9CEB8-8B4A-11D0-8D11-00A0C91BC942}") = "贪心算法活动选择问题", "贪心算法活动选择问题\贪心算法活动选择问题.vcxproj", "{D3C74E0B-1BC7-43AD-8CB4-082FEEBCCA38}"
EndProject
Project("{8BC9CEB8-8B4A-11D0-8D11-00A0C91BC942}") = "贪心法数列极差问题", "贪心法数列极差问题\贪心法数列极差问题.vcxproj", "{29FBC567-74DF-4818-9689-7C57EF4500BE}"
EndProject
Project("{8BC9CEB8-8B4A-11D0-8D11-00A0C91BC942}") = "循环设计", "循环设计\循环设计.vcxproj", "{B0479FAB-E978-4EDF-BBFB-9F53B25D2E10}"
EndProject
Project("{8BC9CEB8-8B4A-11D0-8D11-00A0C91BC942}") = "动态规划求解矩阵链乘法", "动态规划求解矩阵链乘法\动态规划求解矩阵链乘法.vcxproj", "{2F4424B7-0F2D-4724-B0C0-3A321206FDC7}"
EndProject
Project("{8BC9CEB8-8B4A-11D0-8D11-00A0C91BC942}") = "Chapter2", "Chapter2\Chapter2.vcxproj", "{41EE1B6A-9161-4BE0-B3F4-25164F1E1DBE}"
EndProject
Project("{8BC9CEB8-8B4A-11D0-8D11-00A0C91BC942}") = "Chapter3", "Chapter3\Chapter3.vcxproj", "{1946AD38-0658-4756-97B1-610CCDFFB50D}"
EndProject
Project("{8BC9CEB8-8B4A-11D0-8D11-00A0C91BC942}") = "调试转用", "调试转用\调试转用.vcxproj", "{1DE6638F-6699-4EA3-BA58-452946F31D6A}"
EndProject
Global
	GlobalSection(SolutionConfigurationPlatforms) = preSolution
		Debug|x64 = Debug|x64
		Debug|x86 = Debug|x86
		Release|x64 = Release|x64
		Release|x86 = Release|x86
	EndGlobalSection
	GlobalSection(ProjectConfigurationPlatforms) = postSolution
		{7445A4C8-7BFC-4DE5-9FF4-3447A8E12BA0}.Debug|x64.ActiveCfg = Debug|x64
		{7445A4C8-7BFC-4DE5-9FF4-3447A8E12BA0}.Debug|x64.Build.0 = Debug|x64
		{7445A4C8-7BFC-4DE5-9FF4-3447A8E12BA0}.Debug|x86.ActiveCfg = Debug|Win32
		{7445A4C8-7BFC-4DE5-9FF4-3447A8E12BA0}.Debug|x86.Build.0 = Debug|Win32
		{7445A4C8-7BFC-4DE5-9FF4-3447A8E12BA0}.Release|x64.ActiveCfg = Release|x64
		{7445A4C8-7BFC-4DE5-9FF4-3447A8E12BA0}.Release|x64.Build.0 = Release|x64
		{7445A4C8-7BFC-4DE5-9FF4-3447A8E12BA0}.Release|x86.ActiveCfg = Release|Win32
		{7445A4C8-7BFC-4DE5-9FF4-3447A8E12BA0}.Release|x86.Build.0 = Release|Win32
		{FD028C55-E1A1-4E32-B6A9-2D081D28D7E2}.Debug|x64.ActiveCfg = Debug|x64
		{FD028C55-E1A1-4E32-B6A9-2D081D28D7E2}.Debug|x64.Build.0 = Debug|x64
		{FD028C55-E1A1-4E32-B6A9-2D081D28D7E2}.Debug|x86.ActiveCfg = Debug|Win32
		{FD028C55-E1A1-4E32-B6A9-2D081D28D7E2}.Debug|x86.Build.0 = Debug|Win32
		{FD028C55-E1A1-4E32-B6A9-2D081D28D7E2}.Release|x64.ActiveCfg = Release|x64
		{FD028C55-E1A1-4E32-B6A9-2D081D28D7E2}.Release|x64.Build.0 = Release|x64
		{FD028C55-E1A1-4E32-B6A9-2D081D28D7E2}.Release|x86.ActiveCfg = Release|Win32
		{FD028C55-E1A1-4E32-B6A9-2D081D28D7E2}.Release|x86.Build.0 = Release|Win32
		{CB07EB5D-3FA0-4719-A1E3-3AB881D1D7A3}.Debug|x64.ActiveCfg = Debug|x64
		{CB07EB5D-3FA0-4719-A1E3-3AB881D1D7A3}.Debug|x64.Build.0 = Debug|x64
		{CB07EB5D-3FA0-4719-A1E3-3AB881D1D7A3}.Debug|x86.ActiveCfg = Debug|Win32
		{CB07EB5D-3FA0-4719-A1E3-3AB881D1D7A3}.Debug|x86.Build.0 = Debug|Win32
		{CB07EB5D-3FA0-4719-A1E3-3AB881D1D7A3}.Release|x64.ActiveCfg = Release|x64
		{CB07EB5D-3FA0-4719-A1E3-3AB881D1D7A3}.Release|x64.Build.0 = Release|x64
		{CB07EB5D-3FA0-4719-A1E3-3AB881D1D7A3}.Release|x86.ActiveCfg = Release|Win32
		{CB07EB5D-3FA0-4719-A1E3-3AB881D1D7A3}.Release|x86.Build.0 = Release|Win32
		{F258BABD-A64F-4A2C-91C0-2FA2A2B6836F}.Debug|x64.ActiveCfg = Debug|x64
		{F258BABD-A64F-4A2C-91C0-2FA2A2B6836F}.Debug|x64.Build.0 = Debug|x64
		{F258BABD-A64F-4A2C-91C0-2FA2A2B6836F}.Debug|x86.ActiveCfg = Debug|Win32
		{F258BABD-A64F-4A2C-91C0-2FA2A2B6836F}.Debug|x86.Build.0 = Debug|Win32
		{F258BABD-A64F-4A2C-91C0-2FA2A2B6836F}.Release|x64.ActiveCfg = Release|x64
		{F258BABD-A64F-4A2C-91C0-2FA2A2B6836F}.Release|x64.Build.0 = Release|x64
		{F258BABD-A64F-4A2C-91C0-2FA2A2B6836F}.Release|x86.ActiveCfg = Release|Win32
		{F258BABD-A64F-4A2C-91C0-2FA2A2B6836F}.Release|x86.Build.0 = Release|Win32
		{AACC8920-C701-4B9E-8050-95B5A06E593B}.Debug|x64.ActiveCfg = Debug|x64
		{AACC8920-C701-4B9E-8050-95B5A06E593B}.Debug|x64.Build.0 = Debug|x64
		{AACC8920-C701-4B9E-8050-95B5A06E593B}.Debug|x86.ActiveCfg = Debug|Win32
		{AACC8920-C701-4B9E-8050-95B5A06E593B}.Debug|x86.Build.0 = Debug|Win32
		{AACC8920-C701-4B9E-8050-95B5A06E593B}.Release|x64.ActiveCfg = Release|x64
		{AACC8920-C701-4B9E-8050-95B5A06E593B}.Release|x64.Build.0 = Release|x64
		{AACC8920-C701-4B9E-8050-95B5A06E593B}.Release|x86.ActiveCfg = Release|Win32
		{AACC8920-C701-4B9E-8050-95B5A06E593B}.Release|x86.Build.0 = Release|Win32
		{03A03380-26CE-4D0F-A246-88BD0E4DD0BF}.Debug|x64.ActiveCfg = Debug|x64
		{03A03380-26CE-4D0F-A246-88BD0E4DD0BF}.Debug|x64.Build.0 = Debug|x64
		{03A03380-26CE-4D0F-A246-88BD0E4DD0BF}.Debug|x86.ActiveCfg = Debug|Win32
		{03A03380-26CE-4D0F-A246-88BD0E4DD0BF}.Debug|x86.Build.0 = Debug|Win32
		{03A03380-26CE-4D0F-A246-88BD0E4DD0BF}.Release|x64.ActiveCfg = Release|x64
		{03A03380-26CE-4D0F-A246-88BD0E4DD0BF}.Release|x64.Build.0 = Release|x64
		{03A03380-26CE-4D0F-A246-88BD0E4DD0BF}.Release|x86.ActiveCfg = Release|Win32
		{03A03380-26CE-4D0F-A246-88BD0E4DD0BF}.Release|x86.Build.0 = Release|Win32
		{830EC779-030A-4D8F-B0C3-60BFEE8B6D02}.Debug|x64.ActiveCfg = Debug|x64
		{830EC779-030A-4D8F-B0C3-60BFEE8B6D02}.Debug|x64.Build.0 = Debug|x64
		{830EC779-030A-4D8F-B0C3-60BFEE8B6D02}.Debug|x86.ActiveCfg = Debug|Win32
		{830EC779-030A-4D8F-B0C3-60BFEE8B6D02}.Debug|x86.Build.0 = Debug|Win32
		{830EC779-030A-4D8F-B0C3-60BFEE8B6D02}.Release|x64.ActiveCfg = Release|x64
		{830EC779-030A-4D8F-B0C3-60BFEE8B6D02}.Release|x64.Build.0 = Release|x64
		{830EC779-030A-4D8F-B0C3-60BFEE8B6D02}.Release|x86.ActiveCfg = Release|Win32
		{830EC779-030A-4D8F-B0C3-60BFEE8B6D02}.Release|x86.Build.0 = Release|Win32
		{CA59C869-B2B0-4A52-94C6-5039CFA491B4}.Debug|x64.ActiveCfg = Debug|x64
		{CA59C869-B2B0-4A52-94C6-5039CFA491B4}.Debug|x64.Build.0 = Debug|x64
		{CA59C869-B2B0-4A52-94C6-5039CFA491B4}.Debug|x86.ActiveCfg = Debug|Win32
		{CA59C869-B2B0-4A52-94C6-5039CFA491B4}.Debug|x86.Build.0 = Debug|Win32
		{CA59C869-B2B0-4A52-94C6-5039CFA491B4}.Release|x64.ActiveCfg = Release|x64
		{CA59C869-B2B0-4A52-94C6-5039CFA491B4}.Release|x64.Build.0 = Release|x64
		{CA59C869-B2B0-4A52-94C6-5039CFA491B4}.Release|x86.ActiveCfg = Release|Win32
		{CA59C869-B2B0-4A52-94C6-5039CFA491B4}.Release|x86.Build.0 = Release|Win32
		{D3C74E0B-1BC7-43AD-8CB4-082FEEBCCA38}.Debug|x64.ActiveCfg = Debug|x64
		{D3C74E0B-1BC7-43AD-8CB4-082FEEBCCA38}.Debug|x64.Build.0 = Debug|x64
		{D3C74E0B-1BC7-43AD-8CB4-082FEEBCCA38}.Debug|x86.ActiveCfg = Debug|Win32
		{D3C74E0B-1BC7-43AD-8CB4-082FEEBCCA38}.Debug|x86.Build.0 = Debug|Win32
		{D3C74E0B-1BC7-43AD-8CB4-082FEEBCCA38}.Release|x64.ActiveCfg = Release|x64
		{D3C74E0B-1BC7-43AD-8CB4-082FEEBCCA38}.Release|x64.Build.0 = Release|x64
		{D3C74E0B-1BC7-43AD-8CB4-082FEEBCCA38}.Release|x86.ActiveCfg = Release|Win32
		{D3C74E0B-1BC7-43AD-8CB4-082FEEBCCA38}.Release|x86.Build.0 = Release|Win32
		{29FBC567-74DF-4818-9689-7C57EF4500BE}.Debug|x64.ActiveCfg = Debug|x64
		{29FBC567-74DF-4818-9689-7C57EF4500BE}.Debug|x64.Build.0 = Debug|x64
		{29FBC567-74DF-4818-9689-7C57EF4500BE}.Debug|x86.ActiveCfg = Debug|Win32
		{29FBC567-74DF-4818-9689-7C57EF4500BE}.Debug|x86.Build.0 = Debug|Win32
		{29FBC567-74DF-4818-9689-7C57EF4500BE}.Release|x64.ActiveCfg = Release|x64
		{29FBC567-74DF-4818-9689-7C57EF4500BE}.Release|x64.Build.0 = Release|x64
		{29FBC567-74DF-4818-9689-7C57EF4500BE}.Release|x86.ActiveCfg = Release|Win32
		{29FBC567-74DF-4818-9689-7C57EF4500BE}.Release|x86.Build.0 = Release|Win32
		{B0479FAB-E978-4EDF-BBFB-9F53B25D2E10}.Debug|x64.ActiveCfg = Debug|x64
		{B0479FAB-E978-4EDF-BBFB-9F53B25D2E10}.Debug|x64.Build.0 = Debug|x64
		{B0479FAB-E978-4EDF-BBFB-9F53B25D2E10}.Debug|x86.ActiveCfg = Debug|Win32
		{B0479FAB-E978-4EDF-BBFB-9F53B25D2E10}.Debug|x86.Build.0 = Debug|Win32
		{B0479FAB-E978-4EDF-BBFB-9F53B25D2E10}.Release|x64.ActiveCfg = Release|x64
		{B0479FAB-E978-4EDF-BBFB-9F53B25D2E10}.Release|x64.Build.0 = Release|x64
		{B0479FAB-E978-4EDF-BBFB-9F53B25D2E10}.Release|x86.ActiveCfg = Release|Win32
		{B0479FAB-E978-4EDF-BBFB-9F53B25D2E10}.Release|x86.Build.0 = Release|Win32
		{2F4424B7-0F2D-4724-B0C0-3A321206FDC7}.Debug|x64.ActiveCfg = Debug|x64
		{2F4424B7-0F2D-4724-B0C0-3A321206FDC7}.Debug|x64.Build.0 = Debug|x64
		{2F4424B7-0F2D-4724-B0C0-3A321206FDC7}.Debug|x86.ActiveCfg = Debug|Win32
		{2F4424B7-0F2D-4724-B0C0-3A321206FDC7}.Debug|x86.Build.0 = Debug|Win32
		{2F4424B7-0F2D-4724-B0C0-3A321206FDC7}.Release|x64.ActiveCfg = Release|x64
		{2F4424B7-0F2D-4724-B0C0-3A321206FDC7}.Release|x64.Build.0 = Release|x64
		{2F4424B7-0F2D-4724-B0C0-3A321206FDC7}.Release|x86.ActiveCfg = Release|Win32
		{2F4424B7-0F2D-4724-B0C0-3A321206FDC7}.Release|x86.Build.0 = Release|Win32
		{41EE1B6A-9161-4BE0-B3F4-25164F1E1DBE}.Debug|x64.ActiveCfg = Debug|x64
		{41EE1B6A-9161-4BE0-B3F4-25164F1E1DBE}.Debug|x64.Build.0 = Debug|x64
		{41EE1B6A-9161-4BE0-B3F4-25164F1E1DBE}.Debug|x86.ActiveCfg = Debug|Win32
		{41EE1B6A-9161-4BE0-B3F4-25164F1E1DBE}.Debug|x86.Build.0 = Debug|Win32
		{41EE1B6A-9161-4BE0-B3F4-25164F1E1DBE}.Release|x64.ActiveCfg = Release|x64
		{41EE1B6A-9161-4BE0-B3F4-25164F1E1DBE}.Release|x64.Build.0 = Release|x64
		{41EE1B6A-9161-4BE0-B3F4-25164F1E1DBE}.Release|x86.ActiveCfg = Release|Win32
		{41EE1B6A-9161-4BE0-B3F4-25164F1E1DBE}.Release|x86.Build.0 = Release|Win32
		{1946AD38-0658-4756-97B1-610CCDFFB50D}.Debug|x64.ActiveCfg = Debug|x64
		{1946AD38-0658-4756-97B1-610CCDFFB50D}.Debug|x64.Build.0 = Debug|x64
		{1946AD38-0658-4756-97B1-610CCDFFB50D}.Debug|x86.ActiveCfg = Debug|Win32
		{1946AD38-0658-4756-97B1-610CCDFFB50D}.Debug|x86.Build.0 = Debug|Win32
		{1946AD38-0658-4756-97B1-610CCDFFB50D}.Release|x64.ActiveCfg = Release|x64
		{1946AD38-0658-4756-97B1-610CCDFFB50D}.Release|x64.Build.0 = Release|x64
		{1946AD38-0658-4756-97B1-610CCDFFB50D}.Release|x86.ActiveCfg = Release|Win32
		{1946AD38-0658-4756-97B1-610CCDFFB50D}.Release|x86.Build.0 = Release|Win32
		{1DE6638F-6699-4EA3-BA58-452946F31D6A}.Debug|x64.ActiveCfg = Debug|x64
		{1DE6638F-6699-4EA3-BA58-452946F31D6A}.Debug|x64.Build.0 = Debug|x64
		{1DE6638F-6699-4EA3-BA58-452946F31D6A}.Debug|x86.ActiveCfg = Debug|Win32
		{1DE6638F-6699-4EA3-BA58-452946F31D6A}.Debug|x86.Build.0 = Debug|Win32
		{1DE6638F-6699-4EA3-BA58-452946F31D6A}.Release|x64.ActiveCfg = Release|x64
		{1DE6638F-6699-4EA3-BA58-452946F31D6A}.Release|x64.Build.0 = Release|x64
		{1DE6638F-6699-4EA3-BA58-452946F31D6A}.Release|x86.ActiveCfg = Release|Win32
		{1DE6638F-6699-4EA3-BA58-452946F31D6A}.Release|x86.Build.0 = Release|Win32
	EndGlobalSection
	GlobalSection(SolutionProperties) = preSolution
		HideSolutionNode = FALSE
	EndGlobalSection
	GlobalSection(ExtensibilityGlobals) = postSolution
		SolutionGuid = {EE075F89-D838-42C4-A845-C82E81580375}
	EndGlobalSection
EndGlobal
